lockfileVersion: 5.4

specifiers:
  '@oasis-engine/baker': 1.3.0
  '@oasis-engine/lottie': 0.8.3
  '@oasis-engine/physics-lite': 0.9.0-beta.9
  '@oasis-engine/physics-physx': 0.9.0-beta.9
  '@oasis-engine/spine': 0.2.1
  '@types/node': 17.0.42
  '@types/react': 18.0.12
  '@types/react-dom': 18.0.5
  axios: ^0.27.2
  classnames: ^2.3.2
  dat.gui: ^0.7.9
  next: latest
  oasis-engine: 0.9.0-beta.35
  oasis-engine-toolkit: 0.9.0-beta.3
  prettier: ^2.7.1
  react: 18.1.0
  react-dat-gui: ^4.1.1
  react-dom: 18.1.0
  sass: ^1.54.9
  swiper: ^8.2.2
  typescript: 4.7.3

dependencies:
  '@oasis-engine/baker': 1.3.0_oasis-engine@0.9.0-beta.35
  '@oasis-engine/lottie': 0.8.3_oasis-engine@0.9.0-beta.35
  '@oasis-engine/physics-lite': 0.9.0-beta.9_oasis-engine@0.9.0-beta.35
  '@oasis-engine/physics-physx': 0.9.0-beta.9_oasis-engine@0.9.0-beta.35
  '@oasis-engine/spine': 0.2.1
  axios: 0.27.2
  classnames: 2.3.2
  dat.gui: 0.7.9
  next: 13.0.6_yxzhsdmkjnijyc6a6oha7uogfm
  oasis-engine: 0.9.0-beta.35
  oasis-engine-toolkit: 0.9.0-beta.3_oasis-engine@0.9.0-beta.35
  react: 18.1.0
  react-dat-gui: 4.1.1_ef5jwxihqo6n7gxfmzogljlgcm
  react-dom: 18.1.0_react@18.1.0
  swiper: 8.4.2

devDependencies:
  '@types/node': 17.0.42
  '@types/react': 18.0.12
  '@types/react-dom': 18.0.5
  prettier: 2.7.1
  sass: 1.54.9
  typescript: 4.7.3

packages:

  /@icons/material/0.2.4_react@18.1.0:
    resolution: {integrity: sha512-QPcGmICAPbGLGb6F/yNf/KzKqvFx8z5qx3D1yFqVAjoFmXK35EgyW+cJ57Te3CNsmzblwtzakLGFqHPqrfb4Tw==}
    peerDependencies:
      react: '*'
    dependencies:
      react: 18.1.0
    dev: false

  /@next/env/13.0.6:
    resolution: {integrity: sha512-yceT6DCHKqPRS1cAm8DHvDvK74DLIkDQdm5iV+GnIts8h0QbdHvkUIkdOvQoOODgpr6018skbmSQp12z5OWIQQ==}
    dev: false

  /@next/swc-android-arm-eabi/13.0.6:
    resolution: {integrity: sha512-FGFSj3v2Bluw8fD/X+1eXIEB0PhoJE0zfutsAauRhmNpjjZshLDgoXMWm1jTRL/04K/o9gwwO2+A8+sPVCH1uw==}
    engines: {node: '>= 10'}
    cpu: [arm]
    os: [android]
    requiresBuild: true
    dev: false
    optional: true

  /@next/swc-android-arm64/13.0.6:
    resolution: {integrity: sha512-7MgbtU7kimxuovVsd7jSJWMkIHBDBUsNLmmlkrBRHTvgzx5nDBXogP0hzZm7EImdOPwVMPpUHRQMBP9mbsiJYQ==}
    engines: {node: '>= 10'}
    cpu: [arm64]
    os: [android]
    requiresBuild: true
    dev: false
    optional: true

  /@next/swc-darwin-arm64/13.0.6:
    resolution: {integrity: sha512-AUVEpVTxbP/fxdFsjVI9d5a0CFn6NVV7A/RXOb0Y+pXKIIZ1V5rFjPwpYfIfyOo2lrqgehMNQcyMRoTrhq04xg==}
    engines: {node: '>= 10'}
    cpu: [arm64]
    os: [darwin]
    requiresBuild: true
    dev: false
    optional: true

  /@next/swc-darwin-x64/13.0.6:
    resolution: {integrity: sha512-SasCDJlshglsPnbzhWaIF6VEGkQy2NECcAOxPwaPr0cwbbt4aUlZ7QmskNzgolr5eAjFS/xTr7CEeKJtZpAAtQ==}
    engines: {node: '>= 10'}
    cpu: [x64]
    os: [darwin]
    requiresBuild: true
    dev: false
    optional: true

  /@next/swc-freebsd-x64/13.0.6:
    resolution: {integrity: sha512-6Lbxd9gAdXneTkwHyYW/qtX1Tdw7ND9UbiGsGz/SP43ZInNWnW6q0au4hEVPZ9bOWWRKzcVoeTBdoMpQk9Hx9w==}
    engines: {node: '>= 10'}
    cpu: [x64]
    os: [freebsd]
    requiresBuild: true
    dev: false
    optional: true

  /@next/swc-linux-arm-gnueabihf/13.0.6:
    resolution: {integrity: sha512-wNdi5A519e1P+ozEuYOhWPzzE6m1y7mkO6NFwn6watUwO0X9nZs7fT9THmnekvmFQpaZ6U+xf2MQ9poQoCh6jQ==}
    engines: {node: '>= 10'}
    cpu: [arm]
    os: [linux]
    requiresBuild: true
    dev: false
    optional: true

  /@next/swc-linux-arm64-gnu/13.0.6:
    resolution: {integrity: sha512-e8KTRnleQY1KLk5PwGV5hrmvKksCc74QRpHl5ffWnEEAtL2FE0ave5aIkXqErsPdXkiKuA/owp3LjQrP+/AH7Q==}
    engines: {node: '>= 10'}
    cpu: [arm64]
    os: [linux]
    requiresBuild: true
    dev: false
    optional: true

  /@next/swc-linux-arm64-musl/13.0.6:
    resolution: {integrity: sha512-/7RF03C3mhjYpHN+pqOolgME3guiHU5T3TsejuyteqyEyzdEyLHod+jcYH6ft7UZ71a6TdOewvmbLOtzHW2O8A==}
    engines: {node: '>= 10'}
    cpu: [arm64]
    os: [linux]
    requiresBuild: true
    dev: false
    optional: true

  /@next/swc-linux-x64-gnu/13.0.6:
    resolution: {integrity: sha512-kxyEXnYHpOEkFnmrlwB1QlzJtjC6sAJytKcceIyFUHbCaD3W/Qb5tnclcnHKTaFccizZRePXvV25Ok/eUSpKTw==}
    engines: {node: '>= 10'}
    cpu: [x64]
    os: [linux]
    requiresBuild: true
    dev: false
    optional: true

  /@next/swc-linux-x64-musl/13.0.6:
    resolution: {integrity: sha512-N0c6gubS3WW1oYYgo02xzZnNatfVQP/CiJq2ax+DJ55ePV62IACbRCU99TZNXXg+Kos6vNW4k+/qgvkvpGDeyA==}
    engines: {node: '>= 10'}
    cpu: [x64]
    os: [linux]
    requiresBuild: true
    dev: false
    optional: true

  /@next/swc-win32-arm64-msvc/13.0.6:
    resolution: {integrity: sha512-QjeMB2EBqBFPb/ac0CYr7GytbhUkrG4EwFWbcE0vsRp4H8grt25kYpFQckL4Jak3SUrp7vKfDwZ/SwO7QdO8vw==}
    engines: {node: '>= 10'}
    cpu: [arm64]
    os: [win32]
    requiresBuild: true
    dev: false
    optional: true

  /@next/swc-win32-ia32-msvc/13.0.6:
    resolution: {integrity: sha512-EQzXtdqRTcmhT/tCq81rIwE36Y3fNHPInaCuJzM/kftdXfa0F+64y7FAoMO13npX8EG1+SamXgp/emSusKrCXg==}
    engines: {node: '>= 10'}
    cpu: [ia32]
    os: [win32]
    requiresBuild: true
    dev: false
    optional: true

  /@next/swc-win32-x64-msvc/13.0.6:
    resolution: {integrity: sha512-pSkqZ//UP/f2sS9T7IvHLfEWDPTX0vRyXJnAUNisKvO3eF3e1xdhDX7dix/X3Z3lnN4UjSwOzclAI87JFbOwmQ==}
    engines: {node: '>= 10'}
    cpu: [x64]
    os: [win32]
    requiresBuild: true
    dev: false
    optional: true

  /@oasis-engine-toolkit/auxiliary-lines/0.9.0-beta.3_oasis-engine@0.9.0-beta.35:
    resolution: {integrity: sha512-apPf2x2qNmybq95c6FZ4bNHbAuRR2dsrE1/un719VjIZkIgzGRat2zdMedY2RQVUwAKNl4smkS5hRWe6yI1ylw==}
    peerDependencies:
      oasis-engine: ^0.9.0-alpha
    dependencies:
      oasis-engine: 0.9.0-beta.35
    dev: false

  /@oasis-engine-toolkit/controls/0.9.0-beta.3_oasis-engine@0.9.0-beta.35:
    resolution: {integrity: sha512-30LxkVsYCOfXRe+LPhmsc6BgDQaGqGzemXJ/t9Hmz0GyoDF+3sM706LMS1/A09aH11GNxYQg48ranjB5Pjrm7g==}
    peerDependencies:
      oasis-engine: ^0.9.0-alpha
    dependencies:
      oasis-engine: 0.9.0-beta.35
    dev: false

  /@oasis-engine-toolkit/framebuffer-picker/0.9.0-beta.3_oasis-engine@0.9.0-beta.35:
    resolution: {integrity: sha512-Ot5r+P0e6JX0QVqbULZoa6ARN+vmXi991ajRbepThc3hzE7d4LReNFlSXEzHSFkEdKGRI9BjCnLnuRJFC/1+5g==}
    peerDependencies:
      oasis-engine: ^0.9.0-alpha
    dependencies:
      oasis-engine: 0.9.0-beta.35
    dev: false

  /@oasis-engine-toolkit/geometry-sketch/0.9.0-beta.3_oasis-engine@0.9.0-beta.35:
    resolution: {integrity: sha512-62Unzv9/fs8HNN8hUJx652/h7mZRqzSejB0M8tWhHHEEJgMk1Ke8Op3rib772Ya1s177Aam/IMKZ10zASHRKtg==}
    peerDependencies:
      oasis-engine: ^0.9.0-alpha
    dependencies:
      oasis-engine: 0.9.0-beta.35
    dev: false

  /@oasis-engine-toolkit/gizmo/0.9.0-beta.3_jdaqbqr35kxvnc2uww7345orna:
    resolution: {integrity: sha512-MZcYQ71t8heOFTBtRFcIkDA0q8s2z/b4zVeNrQ/HojvgtyH0mwlek1AwsViFUMWRXh5JkrPnY94pT/B0FQsUUA==}
    peerDependencies:
      '@oasis-engine-toolkit/framebuffer-picker': 0.9.0-beta.3
      oasis-engine: ^0.9.0-alpha
    dependencies:
      '@oasis-engine-toolkit/framebuffer-picker': 0.9.0-beta.3_oasis-engine@0.9.0-beta.35
      oasis-engine: 0.9.0-beta.35
    dev: false

  /@oasis-engine-toolkit/grid-material/0.9.0-beta.3_oasis-engine@0.9.0-beta.35:
    resolution: {integrity: sha512-h37Lznx9na7nPHFbMMJq8VfxvnsH2FWY+FB4aBHTRmG31hNBJsGv3ITUc2pB/RxSIaVreVJqu3qz9Rvw87fJsw==}
    peerDependencies:
      oasis-engine: ^0.9.0-alpha
    dependencies:
      oasis-engine: 0.9.0-beta.35
    dev: false

  /@oasis-engine-toolkit/lines/0.9.0-beta.3_oasis-engine@0.9.0-beta.35:
    resolution: {integrity: sha512-VWLc05Kpcr8+vmMTNyQNweGRk/+4Hg6ml43qsEko4dGUIF3oR2DyDex3HLzkr/gCxUSlJQGXtA15QQHc63AGoA==}
    peerDependencies:
      oasis-engine: ^0.9.0-alpha
    dependencies:
      oasis-engine: 0.9.0-beta.35
    dev: false

  /@oasis-engine-toolkit/navigation-gizmo/0.9.0-beta.3_z77f5k6ro2xh454sc4smnbhcdm:
    resolution: {integrity: sha512-2UYXz9/Ph3zQ4Nx4rZv/QWDGF1bpztVU6+abkFBVnOPxaVzexbByPojv3kh37d53jsclU7mv6LvA80X+OKY9Jw==}
    peerDependencies:
      '@oasis-engine-toolkit/controls': 0.9.0-beta.3
      oasis-engine: ^0.9.0-alpha
    dependencies:
      '@oasis-engine-toolkit/controls': 0.9.0-beta.3_oasis-engine@0.9.0-beta.35
      oasis-engine: 0.9.0-beta.35
    dev: false

  /@oasis-engine-toolkit/outline/0.9.0-beta.3_oasis-engine@0.9.0-beta.35:
    resolution: {integrity: sha512-SzXryzY/rIliJJCNqtjv0c77um7QrXFo+JgF7Pr5OHextyn+VZEQaXPI/sciNn3fbOGbRh5xM1iT22zPf1nSTg==}
    peerDependencies:
      oasis-engine: ^0.9.0-alpha
    dependencies:
      oasis-engine: 0.9.0-beta.35
    dev: false

  /@oasis-engine-toolkit/planar-shadow-material/0.9.0-beta.3_oasis-engine@0.9.0-beta.35:
    resolution: {integrity: sha512-eEQyGbqval7+01udDDHzvEdicnZFef643oqfqk1WqTcTdCeO6BMi5ci9Ut4e0BLLRVOez18mBaQPZwfd6KyIZA==}
    peerDependencies:
      oasis-engine: ^0.9.0-alpha
    dependencies:
      oasis-engine: 0.9.0-beta.35
    dev: false

  /@oasis-engine-toolkit/skeleton-viewer/0.9.0-beta.3_oasis-engine@0.9.0-beta.35:
    resolution: {integrity: sha512-HVngw0znfb8T6/KnjNn8dTTD74JXBxMaIymFNoR9D6Jt1NQwnGdaGjot/863aWXlezrBDVm6sqiWPiJtmWM0lQ==}
    peerDependencies:
      oasis-engine: ^0.9.0-alpha
    dependencies:
      oasis-engine: 0.9.0-beta.35
    dev: false

  /@oasis-engine-toolkit/stats/0.9.0-beta.3_oasis-engine@0.9.0-beta.35:
    resolution: {integrity: sha512-AoXv+/s+cgMcqjnYAdPKk6hykv+JW+EJahHc3bx4ZC2n5SIgDLG+rDOqtF9HVcjJXUuk/zfvvuMulvz9w4cjvw==}
    peerDependencies:
      oasis-engine: ^0.9.0-alpha
    dependencies:
      oasis-engine: 0.9.0-beta.35
    dev: false

  /@oasis-engine/baker/1.3.0_oasis-engine@0.9.0-beta.35:
    resolution: {integrity: sha512-eIga2g9Z+5IC1Nk8jmKd0ucXi7aGbC8ZItZVyeZhcK7GFcBf92tYNTT7YALoAy4xWfBarvaSeZD3N/iG4/oO0A==}
    peerDependencies:
      oasis-engine: ^0.8.0-beta
    dependencies:
      oasis-engine: 0.9.0-beta.35
    dev: false

  /@oasis-engine/core/0.9.0-beta.35:
    resolution: {integrity: sha512-gp0hTTDaqy0MBKgBbbTzTbQyUp6ZahO7amDBOwjbEufWRwD7Y8l8K/fA6qOcs11ITDjoNj0iWFKJ4sKTe9WS0g==}
    dependencies:
      '@oasis-engine/math': 0.9.0-beta.35
    dev: false

  /@oasis-engine/draco/0.9.0-beta.35:
    resolution: {integrity: sha512-x6IaMx+shSWuM8S4kKWEt9o/wpNqGxgydvaI65q4oYXx4fRTll/9rUGT7hkmQ5GGj9iwnDFS0XWv7bGTZde3cA==}
    dependencies:
      '@oasis-engine/core': 0.9.0-beta.35
    dev: false

  /@oasis-engine/loader/0.9.0-beta.35:
    resolution: {integrity: sha512-bWNga6fsr4m7IRHFSHdHrZ3H3B1xtF23t1S1RoLfvNEE2AQ2g8/nd9yGQ5foBidILGNTP7JW4zgWRXqxuASlgA==}
    dependencies:
      '@oasis-engine/core': 0.9.0-beta.35
      '@oasis-engine/draco': 0.9.0-beta.35
      '@oasis-engine/math': 0.9.0-beta.35
      '@oasis-engine/rhi-webgl': 0.9.0-beta.35
    dev: false

  /@oasis-engine/lottie/0.8.3_oasis-engine@0.9.0-beta.35:
    resolution: {integrity: sha512-wfBH0qeD1nRuXbyXstStNPW0gN1D7KfKaZLuvoNhjN0IOakkK75XSlZJygE1x9iy4dlFB6t21LbbNG4LxDen6g==}
    peerDependencies:
      '@oasis-engine-toolkit/controls': ^0.8.0-beta.1
      oasis-engine: ^0.8.0
    dependencies:
      bezier-easing: 2.1.0
      oasis-engine: 0.9.0-beta.35
    dev: false

  /@oasis-engine/math/0.9.0-beta.35:
    resolution: {integrity: sha512-SdArdNjoPcllHRnlyzN8Eebf+Gbzet0ftjBYvh6NR4+7vjGQl0EVTYrOuDZG2NWXM9VQkBM0drgB1qDtw2Jqbw==}
    dev: false

  /@oasis-engine/physics-lite/0.9.0-beta.9_oasis-engine@0.9.0-beta.35:
    resolution: {integrity: sha512-Q4VSkzynzyyWXiesGWr+7Hoa4mL2uZdh8HAlb3JybVyNqx/ZWDflYKwT+PeWM9BKzGk6YlIrlqTVmsJ5238c3A==}
    peerDependencies:
      oasis-engine: 0.9.0-beta.9
    dependencies:
      oasis-engine: 0.9.0-beta.35
    dev: false

  /@oasis-engine/physics-physx/0.9.0-beta.9_oasis-engine@0.9.0-beta.35:
    resolution: {integrity: sha512-SfGQWGnOWiRgQSOIITMV/0Udew0B4WwDEmmfFoBdeAE3UH/mttGErFOqAinc1u5Dww+9Ymkhkp0RpJaZCPz4iA==}
    peerDependencies:
      oasis-engine: 0.9.0-beta.9
    dependencies:
      oasis-engine: 0.9.0-beta.35
    dev: false

  /@oasis-engine/rhi-webgl/0.9.0-beta.35:
    resolution: {integrity: sha512-XS0pY8O1ap2lATmVEgbzF4EaHFWClhlqF5iMHveAOz0+81rLkptLsLEjqanND+JLyRdKkXYMStKMVGjid1lc/A==}
    dependencies:
      '@oasis-engine/core': 0.9.0-beta.35
      '@oasis-engine/math': 0.9.0-beta.35
    dev: false

  /@oasis-engine/spine/0.2.1:
    resolution: {integrity: sha512-gu5DsggjeEp6rJ2PEh4vN3pjK1RwnavZIR1pZTVmDr2IHOVWr4DbDsiB0UImM1t590pc0Qj4inoGgh5OjUuEfw==}
    dev: false

  /@swc/helpers/0.4.14:
    resolution: {integrity: sha512-4C7nX/dvpzB7za4Ql9K81xK3HPxCpHMgwTZVyf+9JQ6VUbn9jjZVN7/Nkdz/Ugzs2CSjqnL/UPXroiVBVHUWUw==}
    dependencies:
      tslib: 2.4.0
    dev: false

  /@types/node/17.0.42:
    resolution: {integrity: sha512-Q5BPGyGKcvQgAMbsr7qEGN/kIPN6zZecYYABeTDBizOsau+2NMdSVTar9UQw21A2+JyA2KRNDYaYrPB0Rpk2oQ==}
    dev: true

  /@types/prop-types/15.7.5:
    resolution: {integrity: sha512-JCB8C6SnDoQf0cNycqd/35A7MjcnK+ZTqE7judS6o7utxUCg6imJg3QK2qzHKszlTjcj2cn+NwMB2i96ubpj7w==}
    dev: true

  /@types/react-dom/18.0.5:
    resolution: {integrity: sha512-OWPWTUrY/NIrjsAPkAk1wW9LZeIjSvkXRhclsFO8CZcZGCOg2G0YZy4ft+rOyYxy8B7ui5iZzi9OkDebZ7/QSA==}
    dependencies:
      '@types/react': 18.0.12
    dev: true

  /@types/react/18.0.12:
    resolution: {integrity: sha512-duF1OTASSBQtcigUvhuiTB1Ya3OvSy+xORCiEf20H0P0lzx+/KeVsA99U5UjLXSbyo1DRJDlLKqTeM1ngosqtg==}
    dependencies:
      '@types/prop-types': 15.7.5
      '@types/scheduler': 0.16.2
      csstype: 3.1.1
    dev: true

  /@types/scheduler/0.16.2:
    resolution: {integrity: sha512-hppQEBDmlwhFAXKJX2KnWLYu5yMfi91yazPb2l+lbJiwW+wdo1gNeRA+3RgNSO39WYX2euey41KEwnqesU2Jew==}
    dev: true

  /anymatch/3.1.2:
    resolution: {integrity: sha512-P43ePfOAIupkguHUycrc4qJ9kz8ZiuOUijaETwX7THt0Y/GNK7v0aa8rY816xWjZ7rJdA5XdMcpVFTKMq+RvWg==}
    engines: {node: '>= 8'}
    dependencies:
      normalize-path: 3.0.0
      picomatch: 2.3.1

  /asynckit/0.4.0:
    resolution: {integrity: sha512-Oei9OH4tRh0YqU3GxhX79dM/mwVgvbZJaSNaRk+bshkj0S5cfHcgYakreBjrHwatXKbz+IoIdYLxrKim2MjW0Q==}
    dev: false

  /axios/0.27.2:
    resolution: {integrity: sha512-t+yRIyySRTp/wua5xEr+z1q60QmLq8ABsS5O9Me1AsE5dfKqgnCFzwiCZZ/cGNd1lq4/7akDWMxdhVlucjmnOQ==}
    dependencies:
      follow-redirects: 1.15.2
      form-data: 4.0.0
    transitivePeerDependencies:
      - debug
    dev: false

  /bezier-easing/2.1.0:
    resolution: {integrity: sha512-gbIqZ/eslnUFC1tjEvtz0sgx+xTK20wDnYMIA27VA04R7w6xxXQPZDbibjA9DTWZRA2CXtwHykkVzlCaAJAZig==}
    dev: false

  /binary-extensions/2.2.0:
    resolution: {integrity: sha512-jDctJ/IVQbZoJykoeHbhXpOlNBqGNcwXJKJog42E5HDPUwQTSdjCHdihjj0DlnheQ7blbT6dHOafNAiS8ooQKA==}
    engines: {node: '>=8'}

  /braces/3.0.2:
    resolution: {integrity: sha512-b8um+L1RzM3WDSzvhm6gIz1yfTbBt6YTlcEKAvsmqCZZFw46z626lVj9j1yEPW33H5H+lBQpZMP1k8l+78Ha0A==}
    engines: {node: '>=8'}
    dependencies:
      fill-range: 7.0.1

  /caniuse-lite/1.0.30001406:
    resolution: {integrity: sha512-bWTlaXUy/rq0BBtYShc/jArYfBPjEV95euvZ8JVtO43oQExEN/WquoqpufFjNu4kSpi5cy5kMbNvzztWDfv1Jg==}
    dev: false

  /chokidar/3.5.3:
    resolution: {integrity: sha512-Dr3sfKRP6oTcjf2JmUmFJfeVMvXBdegxB0iVQ5eb2V10uFJUCAS8OByZdVAyVb8xXNz3GjjTgj9kLWsZTqE6kw==}
    engines: {node: '>= 8.10.0'}
    dependencies:
      anymatch: 3.1.2
      braces: 3.0.2
      glob-parent: 5.1.2
      is-binary-path: 2.1.0
      is-glob: 4.0.3
      normalize-path: 3.0.0
      readdirp: 3.6.0
    optionalDependencies:
      fsevents: 2.3.2

  /classnames/2.2.6:
    resolution: {integrity: sha512-JR/iSQOSt+LQIWwrwEzJ9uk0xfN3mTVYMwt1Ir5mUcSN6pU+V4zQFFaJsclJbPuAUQH+yfWef6tm7l1quW3C8Q==}
    dev: false

  /classnames/2.3.2:
    resolution: {integrity: sha512-CSbhY4cFEJRe6/GQzIk5qXZ4Jeg5pcsP7b5peFSDpffpe1cqjASH/n9UTjBwOp6XpMSTwQ8Za2K5V02ueA7Tmw==}
    dev: false

  /client-only/0.0.1:
    resolution: {integrity: sha512-IV3Ou0jSMzZrd3pZ48nLkT9DA7Ag1pnPzaiQhpW7c3RbcqqzvzzVu+L8gfqMp/8IM2MQtSiqaCxrrcfu8I8rMA==}
    dev: false

  /combined-stream/1.0.8:
    resolution: {integrity: sha512-FQN4MRfuJeHf7cBbBMJFXhKSDq+2kAArBlmRBvcvFE5BB1HZKXtSFASDhdlz9zOYwxh8lDdnvmMOe/+5cdoEdg==}
    engines: {node: '>= 0.8'}
    dependencies:
      delayed-stream: 1.0.0
    dev: false

  /csstype/3.1.1:
    resolution: {integrity: sha512-DJR/VvkAvSZW9bTouZue2sSxDwdTN92uHjqeKVm+0dAqdfNykRzQ95tay8aXMBAAPpUiq4Qcug2L7neoRh2Egw==}
    dev: true

  /dat.gui/0.7.9:
    resolution: {integrity: sha512-sCNc1OHobc+Erc1HqiswYgHdVNpSJUlk/Hz8vzOCsER7rl+oF/4+v8GXFUyCgtXpoCX6+bnmg07DedLvBLwYKQ==}
    dev: false

  /delayed-stream/1.0.0:
    resolution: {integrity: sha512-ZySD7Nf91aLB0RxL4KGrKHBXl7Eds1DAmEdcoVawXnLD7SDhpNgtuII2aAkg7a7QS41jxPSZ17p4VdGnMHk3MQ==}
    engines: {node: '>=0.4.0'}
    dev: false

  /dom7/4.0.4:
    resolution: {integrity: sha512-DSSgBzQ4rJWQp1u6o+3FVwMNnT5bzQbMb+o31TjYYeRi05uAcpF8koxdfzeoe5ElzPmua7W7N28YJhF7iEKqIw==}
    dependencies:
      ssr-window: 4.0.2
    dev: false

  /fill-range/7.0.1:
    resolution: {integrity: sha512-qOo9F+dMUmC2Lcb4BbVvnKJxTPjCm+RRpe4gDuGrzkL7mEVl/djYSu2OdQ2Pa302N4oqkSg9ir6jaLWJ2USVpQ==}
    engines: {node: '>=8'}
    dependencies:
      to-regex-range: 5.0.1

  /follow-redirects/1.15.2:
    resolution: {integrity: sha512-VQLG33o04KaQ8uYi2tVNbdrWp1QWxNNea+nmIB4EVM28v0hmP17z7aG1+wAkNzVq4KeXTq3221ye5qTJP91JwA==}
    engines: {node: '>=4.0'}
    peerDependencies:
      debug: '*'
    peerDependenciesMeta:
      debug:
        optional: true
    dev: false

  /form-data/4.0.0:
    resolution: {integrity: sha512-ETEklSGi5t0QMZuiXoA/Q6vcnxcLQP5vdugSpuAyi6SVGi2clPPp+xgEhuMaHC+zGgn31Kd235W35f7Hykkaww==}
    engines: {node: '>= 6'}
    dependencies:
      asynckit: 0.4.0
      combined-stream: 1.0.8
      mime-types: 2.1.35
    dev: false

  /fsevents/2.3.2:
    resolution: {integrity: sha512-xiqMQR4xAeHTuB9uWm+fFRcIOgKBMiOBP+eXiyT7jsgVCq1bkVygt00oASowB7EdtpOHaaPgKt812P9ab+DDKA==}
    engines: {node: ^8.16.0 || ^10.6.0 || >=11.0.0}
    os: [darwin]
    requiresBuild: true
    optional: true

  /glob-parent/5.1.2:
    resolution: {integrity: sha512-AOIgSQCepiJYwP3ARnGx+5VnTu2HBYdzbGP45eLw1vr3zB3vZLeyed1sC9hnbcOc9/SrMyM5RPQrkGz4aS9Zow==}
    engines: {node: '>= 6'}
    dependencies:
      is-glob: 4.0.3

  /immutable/4.1.0:
    resolution: {integrity: sha512-oNkuqVTA8jqG1Q6c+UglTOD1xhC1BtjKI7XkCXRkZHrN5m18/XsnUp8Q89GkQO/z+0WjonSvl0FLhDYftp46nQ==}

  /is-binary-path/2.1.0:
    resolution: {integrity: sha512-ZMERYes6pDydyuGidse7OsHxtbI7WVeUEozgR/g7rd0xUimYNlvZRE/K2MgZTjWy725IfelLeVcEM97mmtRGXw==}
    engines: {node: '>=8'}
    dependencies:
      binary-extensions: 2.2.0

  /is-extglob/2.1.1:
    resolution: {integrity: sha512-SbKbANkN603Vi4jEZv49LeVJMn4yGwsbzZworEoyEiutsN3nJYdbO36zfhGJ6QEDpOZIFkDtnq5JRxmvl3jsoQ==}
    engines: {node: '>=0.10.0'}

  /is-glob/4.0.3:
    resolution: {integrity: sha512-xelSayHH36ZgE7ZWhli7pW34hNbNl8Ojv5KVmkJD4hBdD3th8Tfk9vYasLM+mXWOZhFkgZfxhLSnrwRr4elSSg==}
    engines: {node: '>=0.10.0'}
    dependencies:
      is-extglob: 2.1.1

  /is-number/7.0.0:
    resolution: {integrity: sha512-41Cifkg6e8TylSpdtTpeLVMqvSBEVzTttHvERD741+pnZ8ANv0004MRL43QKPDlK9cGvNp6NZWZUBlbGXYxxng==}
    engines: {node: '>=0.12.0'}

  /js-tokens/4.0.0:
    resolution: {integrity: sha512-RdJUflcE3cUzKiMqQgsCu06FPu9UdIJO0beYbPhHN4k6apgJtifcoCtT9bcxOpYBtpD2kCM6Sbzg4CausW/PKQ==}
    dev: false

  /lodash-es/4.17.21:
    resolution: {integrity: sha512-mKnC+QJ9pWVzv+C4/U3rRsHapFfHvQFoFB92e52xeyGMcX6/OlIl78je1u8vePzYZSkkogMPJ2yjxxsb89cxyw==}
    dev: false

  /lodash.clamp/4.0.3:
    resolution: {integrity: sha512-HvzRFWjtcguTW7yd8NJBshuNaCa8aqNFtnswdT7f/cMd/1YKy5Zzoq4W/Oxvnx9l7aeY258uSdDfM793+eLsVg==}
    dev: false

  /lodash.clonedeep/4.5.0:
    resolution: {integrity: sha512-H5ZhCF25riFd9uB5UCkVKo61m3S/xZk1x4wA6yp/L3RFP6Z/eHH1ymQcGLo7J3GMPfm0V/7m1tryHuGVxpqEBQ==}
    dev: false

  /lodash.isfinite/3.3.2:
    resolution: {integrity: sha512-7FGG40uhC8Mm633uKW1r58aElFlBlxCrg9JfSi3P6aYiWmfiWF0PgMd86ZUsxE5GwWPdHoS2+48bwTh2VPkIQA==}
    dev: false

  /lodash.isstring/4.0.1:
    resolution: {integrity: sha512-0wJxfxH1wgO3GrbuP+dTTk7op+6L41QCXbGINEmD+ny/G/eCqGzxyCsh7159S+mgDDcoarnBw6PC1PS5+wUGgw==}
    dev: false

  /lodash.isundefined/3.0.1:
    resolution: {integrity: sha512-MXB1is3s899/cD8jheYYE2V9qTHwKvt+npCwpD+1Sxm3Q3cECXCiYHjeHWXNwr6Q0SOBPrYUDxendrO6goVTEA==}
    dev: false

  /lodash.result/4.5.2:
    resolution: {integrity: sha512-dlgJvozORK2oE4jXzTGIsJz9Vk6huNAINxYYvWc/R44x3/ah/F7OkNwr9c0wO2poh2cbdjS0jF3j8VgyCEOVfw==}
    dev: false

  /lodash.set/4.3.2:
    resolution: {integrity: sha512-4hNPN5jlm/N/HLMCO43v8BXKq9Z7QdAGc/VGrRD61w8gN9g/6jF9A4L1pbUgBLCffi0w9VsXfTOij5x8iTyFvg==}
    dev: false

  /lodash/4.17.21:
    resolution: {integrity: sha512-v2kDEe57lecTulaDIuNTPy3Ry4gLGJ6Z1O3vE1krgXZNrsQ+LFTGHVxVjcXPs17LhbZVGedAJv8XZ1tvj5FvSg==}
    dev: false

  /loose-envify/1.4.0:
    resolution: {integrity: sha512-lyuxPGr/Wfhrlem2CL/UcnUc1zcqKAImBDzukY7Y5F/yQiNdko6+fRLevlw1HgMySw7f611UIY408EtxRSoK3Q==}
    hasBin: true
    dependencies:
      js-tokens: 4.0.0
    dev: false

  /material-colors/1.2.6:
    resolution: {integrity: sha512-6qE4B9deFBIa9YSpOc9O0Sgc43zTeVYbgDT5veRKSlB2+ZuHNoVVxA1L/ckMUayV9Ay9y7Z/SZCLcGteW9i7bg==}
    dev: false

  /mime-db/1.52.0:
    resolution: {integrity: sha512-sPU4uV7dYlvtWJxwwxHD0PuihVNiE7TyAbQ5SWxDCB9mUYvOgroQOwYQQOKPJ8CIbE+1ETVlOoK1UC2nU3gYvg==}
    engines: {node: '>= 0.6'}
    dev: false

  /mime-types/2.1.35:
    resolution: {integrity: sha512-ZDY+bPm5zTTF+YpCrAU9nK0UgICYPT0QtT1NZWFv4s++TNkcgVaT0g6+4R2uI4MjQjzysHB1zxuWL50hzaeXiw==}
    engines: {node: '>= 0.6'}
    dependencies:
      mime-db: 1.52.0
    dev: false

  /nanoid/3.3.4:
    resolution: {integrity: sha512-MqBkQh/OHTS2egovRtLk45wEyNXwF+cokD+1YPf9u5VfJiRdAiRwB2froX5Co9Rh20xs4siNPm8naNotSD6RBw==}
    engines: {node: ^10 || ^12 || ^13.7 || ^14 || >=15.0.1}
    hasBin: true
    dev: false

  /next/13.0.6_yxzhsdmkjnijyc6a6oha7uogfm:
    resolution: {integrity: sha512-COvigvms2LRt1rrzfBQcMQ2GZd86Mvk1z+LOLY5pniFtL4VrTmhZ9salrbKfSiXbhsD01TrDdD68ec3ABDyscA==}
    engines: {node: '>=14.6.0'}
    hasBin: true
    peerDependencies:
      fibers: '>= 3.1.0'
      node-sass: ^6.0.0 || ^7.0.0
      react: ^18.2.0
      react-dom: ^18.2.0
      sass: ^1.3.0
    peerDependenciesMeta:
      fibers:
        optional: true
      node-sass:
        optional: true
      sass:
        optional: true
    dependencies:
      '@next/env': 13.0.6
      '@swc/helpers': 0.4.14
      caniuse-lite: 1.0.30001406
      postcss: 8.4.14
      react: 18.1.0
      react-dom: 18.1.0_react@18.1.0
      sass: 1.54.9
      styled-jsx: 5.1.0_react@18.1.0
    optionalDependencies:
      '@next/swc-android-arm-eabi': 13.0.6
      '@next/swc-android-arm64': 13.0.6
      '@next/swc-darwin-arm64': 13.0.6
      '@next/swc-darwin-x64': 13.0.6
      '@next/swc-freebsd-x64': 13.0.6
      '@next/swc-linux-arm-gnueabihf': 13.0.6
      '@next/swc-linux-arm64-gnu': 13.0.6
      '@next/swc-linux-arm64-musl': 13.0.6
      '@next/swc-linux-x64-gnu': 13.0.6
      '@next/swc-linux-x64-musl': 13.0.6
      '@next/swc-win32-arm64-msvc': 13.0.6
      '@next/swc-win32-ia32-msvc': 13.0.6
      '@next/swc-win32-x64-msvc': 13.0.6
    transitivePeerDependencies:
      - '@babel/core'
      - babel-plugin-macros
    dev: false

  /normalize-path/3.0.0:
    resolution: {integrity: sha512-6eZs5Ls3WtCisHWp9S2GUy8dqkpGi4BVSz3GaqiE6ezub0512ESztXUwUB6C6IKbQkY2Pnb/mD4WYojCRwcwLA==}
    engines: {node: '>=0.10.0'}

  /oasis-engine-toolkit/0.9.0-beta.3_oasis-engine@0.9.0-beta.35:
    resolution: {integrity: sha512-PZYanLifz6YmPV9ZnA4/6uWL/He1ZzSXbD7ApLS34isVn5RE3gcSyz+bQYUhVU3OYQxf/GoMJEao6RR7DgKiDQ==}
    dependencies:
      '@oasis-engine-toolkit/auxiliary-lines': 0.9.0-beta.3_oasis-engine@0.9.0-beta.35
      '@oasis-engine-toolkit/controls': 0.9.0-beta.3_oasis-engine@0.9.0-beta.35
      '@oasis-engine-toolkit/framebuffer-picker': 0.9.0-beta.3_oasis-engine@0.9.0-beta.35
      '@oasis-engine-toolkit/geometry-sketch': 0.9.0-beta.3_oasis-engine@0.9.0-beta.35
      '@oasis-engine-toolkit/gizmo': 0.9.0-beta.3_jdaqbqr35kxvnc2uww7345orna
      '@oasis-engine-toolkit/grid-material': 0.9.0-beta.3_oasis-engine@0.9.0-beta.35
      '@oasis-engine-toolkit/lines': 0.9.0-beta.3_oasis-engine@0.9.0-beta.35
      '@oasis-engine-toolkit/navigation-gizmo': 0.9.0-beta.3_z77f5k6ro2xh454sc4smnbhcdm
      '@oasis-engine-toolkit/outline': 0.9.0-beta.3_oasis-engine@0.9.0-beta.35
      '@oasis-engine-toolkit/planar-shadow-material': 0.9.0-beta.3_oasis-engine@0.9.0-beta.35
      '@oasis-engine-toolkit/skeleton-viewer': 0.9.0-beta.3_oasis-engine@0.9.0-beta.35
      '@oasis-engine-toolkit/stats': 0.9.0-beta.3_oasis-engine@0.9.0-beta.35
    transitivePeerDependencies:
      - oasis-engine
    dev: false

  /oasis-engine/0.9.0-beta.35:
    resolution: {integrity: sha512-IP+QXMlX8rizNfIamvngkPAJWGYcO7v4u49KvRyBFSV93V9lbRnHJKygVJnVDvz83psD7qUc+OpqkVtPW2BXUg==}
    dependencies:
      '@oasis-engine/core': 0.9.0-beta.35
      '@oasis-engine/loader': 0.9.0-beta.35
      '@oasis-engine/math': 0.9.0-beta.35
      '@oasis-engine/rhi-webgl': 0.9.0-beta.35
    dev: false

  /object-assign/4.1.1:
    resolution: {integrity: sha512-rJgTQnkUnH1sFw8yT6VSU3zD3sWmu6sZhIseY8VX+GRu3P6F7Fu+JNDoXfklElbLJSnc3FUQHVe4cU5hj+BcUg==}
    engines: {node: '>=0.10.0'}
    dev: false

  /picocolors/1.0.0:
    resolution: {integrity: sha512-1fygroTLlHu66zi26VoTDv8yRgm0Fccecssto+MhsZ0D/DGW2sm8E8AjW7NU5VVTRt5GxbeZ5qBuJr+HyLYkjQ==}
    dev: false

  /picomatch/2.3.1:
    resolution: {integrity: sha512-JU3teHTNjmE2VCGFzuY8EXzCDVwEqB2a8fsIvwaStHhAWJEeVd1o1QD80CU6+ZdEXXSLbSsuLwJjkCBWqRQUVA==}
    engines: {node: '>=8.6'}

  /postcss/8.4.14:
    resolution: {integrity: sha512-E398TUmfAYFPBSdzgeieK2Y1+1cpdxJx8yXbK/m57nRhKSmk1GB2tO4lbLBtlkfPQTDKfe4Xqv1ASWPpayPEig==}
    engines: {node: ^10 || ^12 || >=14}
    dependencies:
      nanoid: 3.3.4
      picocolors: 1.0.0
      source-map-js: 1.0.2
    dev: false

  /prettier/2.7.1:
    resolution: {integrity: sha512-ujppO+MkdPqoVINuDFDRLClm7D78qbDt0/NR+wp5FqEZOoTNAjPHWj17QRhu7geIHJfcNhRk1XVQmF8Bp3ye+g==}
    engines: {node: '>=10.13.0'}
    hasBin: true
    dev: true

  /prop-types/15.8.1:
    resolution: {integrity: sha512-oj87CgZICdulUohogVAR7AjlC0327U4el4L6eAvOqCeudMDVU0NThNaV+b9Df4dXgSP1gXMTnPdhfe/2qDH5cg==}
    dependencies:
      loose-envify: 1.4.0
      object-assign: 4.1.1
      react-is: 16.13.1
    dev: false

  /react-color/2.19.3_react@18.1.0:
    resolution: {integrity: sha512-LEeGE/ZzNLIsFWa1TMe8y5VYqr7bibneWmvJwm1pCn/eNmrabWDh659JSPn9BuaMpEfU83WTOJfnCcjDZwNQTA==}
    peerDependencies:
      react: '*'
    dependencies:
      '@icons/material': 0.2.4_react@18.1.0
      lodash: 4.17.21
      lodash-es: 4.17.21
      material-colors: 1.2.6
      prop-types: 15.8.1
      react: 18.1.0
      reactcss: 1.2.3_react@18.1.0
      tinycolor2: 1.4.2
    dev: false

  /react-dat-gui/4.1.1_ef5jwxihqo6n7gxfmzogljlgcm:
    resolution: {integrity: sha512-FdCUoXuCjh/8wXMc4AiZncthUQzuqRrr/iCi+V6byL48yQ4Bo1JK2534Lygt40yztaYVilj/AOKPkQYC8BI9fg==}
    peerDependencies:
      prop-types: ^15.7.2
      react: '>=16.0.0'
      react-dom: '>=16.0.0'
    dependencies:
      classnames: 2.2.6
      lodash.clamp: 4.0.3
      lodash.clonedeep: 4.5.0
      lodash.isfinite: 3.3.2
      lodash.isstring: 4.0.1
      lodash.isundefined: 3.0.1
      lodash.result: 4.5.2
      lodash.set: 4.3.2
      react: 18.1.0
      react-color: 2.19.3_react@18.1.0
      react-dom: 18.1.0_react@18.1.0
      sass: 1.54.9
    dev: false

  /react-dom/18.1.0_react@18.1.0:
    resolution: {integrity: sha512-fU1Txz7Budmvamp7bshe4Zi32d0ll7ect+ccxNu9FlObT605GOEB8BfO4tmRJ39R5Zj831VCpvQ05QPBW5yb+w==}
    peerDependencies:
      react: ^18.1.0
    dependencies:
      loose-envify: 1.4.0
      react: 18.1.0
      scheduler: 0.22.0
    dev: false

  /react-is/16.13.1:
    resolution: {integrity: sha512-24e6ynE2H+OKt4kqsOvNd8kBpV65zoxbA4BVsEOB3ARVWQki/DHzaUoC5KuON/BiccDaCCTZBuOcfZs70kR8bQ==}
    dev: false

  /react/18.1.0:
    resolution: {integrity: sha512-4oL8ivCz5ZEPyclFQXaNksK3adutVS8l2xzZU0cqEFrE9Sb7fC0EFK5uEk74wIreL1DERyjvsU915j1pcT2uEQ==}
    engines: {node: '>=0.10.0'}
    dependencies:
      loose-envify: 1.4.0
    dev: false

  /reactcss/1.2.3_react@18.1.0:
    resolution: {integrity: sha512-KiwVUcFu1RErkI97ywr8nvx8dNOpT03rbnma0SSalTYjkrPYaEajR4a/MRt6DZ46K6arDRbWMNHF+xH7G7n/8A==}
    peerDependencies:
      react: '*'
    dependencies:
      lodash: 4.17.21
      react: 18.1.0
    dev: false

  /readdirp/3.6.0:
    resolution: {integrity: sha512-hOS089on8RduqdbhvQ5Z37A0ESjsqz6qnRcffsMU3495FuTdqSm+7bhJ29JvIOsBDEEnan5DPu9t3To9VRlMzA==}
    engines: {node: '>=8.10.0'}
    dependencies:
      picomatch: 2.3.1

  /sass/1.54.9:
    resolution: {integrity: sha512-xb1hjASzEH+0L0WI9oFjqhRi51t/gagWnxLiwUNMltA0Ab6jIDkAacgKiGYKM9Jhy109osM7woEEai6SXeJo5Q==}
    engines: {node: '>=12.0.0'}
    hasBin: true
    dependencies:
      chokidar: 3.5.3
      immutable: 4.1.0
      source-map-js: 1.0.2

  /scheduler/0.22.0:
    resolution: {integrity: sha512-6QAm1BgQI88NPYymgGQLCZgvep4FyePDWFpXVK+zNSUgHwlqpJy8VEh8Et0KxTACS4VWwMousBElAZOH9nkkoQ==}
    dependencies:
      loose-envify: 1.4.0
    dev: false

  /source-map-js/1.0.2:
    resolution: {integrity: sha512-R0XvVJ9WusLiqTCEiGCmICCMplcCkIwwR11mOSD9CR5u+IXYdiseeEuXCVAjS54zqwkLcPNnmU4OeJ6tUrWhDw==}
    engines: {node: '>=0.10.0'}

  /ssr-window/4.0.2:
    resolution: {integrity: sha512-ISv/Ch+ig7SOtw7G2+qkwfVASzazUnvlDTwypdLoPoySv+6MqlOV10VwPSE6EWkGjhW50lUmghPmpYZXMu/+AQ==}
    dev: false

  /styled-jsx/5.1.0_react@18.1.0:
    resolution: {integrity: sha512-/iHaRJt9U7T+5tp6TRelLnqBqiaIT0HsO0+vgyj8hK2KUk7aejFqRrumqPUlAqDwAj8IbS/1hk3IhBAAK/FCUQ==}
    engines: {node: '>= 12.0.0'}
    peerDependencies:
      '@babel/core': '*'
      babel-plugin-macros: '*'
      react: '>= 16.8.0 || 17.x.x || ^18.0.0-0'
    peerDependenciesMeta:
      '@babel/core':
        optional: true
      babel-plugin-macros:
        optional: true
    dependencies:
      client-only: 0.0.1
      react: 18.1.0
    dev: false

  /swiper/8.4.2:
    resolution: {integrity: sha512-nMD/RHVYxJxrLqjWQX2n0B94ANwpnuUv/3PUDT8Aaf+mSteFvZGFng4ypAYq70zW4svryyV+8TRlbRZ+6cgv9A==}
    engines: {node: '>= 4.7.0'}
    requiresBuild: true
    dependencies:
      dom7: 4.0.4
      ssr-window: 4.0.2
    dev: false

  /tinycolor2/1.4.2:
    resolution: {integrity: sha512-vJhccZPs965sV/L2sU4oRQVAos0pQXwsvTLkWYdqJ+a8Q5kPFzJTuOFwy7UniPli44NKQGAglksjvOcpo95aZA==}
    dev: false

  /to-regex-range/5.0.1:
    resolution: {integrity: sha512-65P7iz6X5yEr1cwcgvQxbbIw7Uk3gOy5dIdtZ4rDveLqhrdJP+Li/Hx6tyK0NEb+2GCyneCMJiGqrADCSNk8sQ==}
    engines: {node: '>=8.0'}
    dependencies:
      is-number: 7.0.0

  /tslib/2.4.0:
    resolution: {integrity: sha512-d6xOpEDfsi2CZVlPQzGeux8XMwLT9hssAsaPYExaQMuYskwb+x1x7J371tWlbBdWHroy99KnVB6qIkUbs5X3UQ==}
    dev: false

  /typescript/4.7.3:
    resolution: {integrity: sha512-WOkT3XYvrpXx4vMMqlD+8R8R37fZkjyLGlxavMc4iB8lrl8L0DeTcHbYgw/v0N/z9wAFsgBhcsF0ruoySS22mA==}
    engines: {node: '>=4.2.0'}
    hasBin: true
    dev: true
